{
  "name": "@imperiascm/scp-components",
  "version": "0.0.24",
  "lockfileVersion": 3,
  "requires": true,
  "packages": {
    "": {
      "name": "@imperiascm/scp-components",
      "version": "0.0.24",
      "dependencies": {
        "@imperiascm/dom-utils": "^1.0.2",
        "@imperiascm/http": "^0.0.2",
        "@imperiascm/rxjs-utils": "^1.0.6",
        "@imperiascm/scp-utils": "^0.0.14",
        "file-saver": "^2.0.5",
        "primeflex": "^3.2.1",
        "primeicons": "^6.0.1",
        "primeng": "^15.4.1",
        "tslib": "^2.3.0"
      },
      "devDependencies": {
        "@types/file-saver": "^2.0.7",
        "@types/node": "^24.9.1"
      },
      "peerDependencies": {
        "@angular/cdk": "^19.2.18",
        "@angular/common": "^19.2.0",
        "@angular/core": "^19.2.0",
        "@imperiascm/translate": "^0.0.6"
      }
    },
    "node_modules/@angular/animations": {
      "version": "19.2.15",
      "resolved": "https://registry.npmjs.org/@angular/animations/-/animations-19.2.15.tgz",
      "integrity": "sha512-eq9vokLU8bjs7g/Znz8zJUQEOhT0MAJ/heBCHbB35S+CtZXJmItrsEqkI1tsRiR58NKXB6cbhBhULVo6qJbhXQ==",
      "license": "MIT",
      "dependencies": {
        "tslib": "^2.3.0"
      },
      "engines": {
        "node": "^18.19.1 || ^20.11.1 || >=22.0.0"
      },
      "peerDependencies": {
        "@angular/common": "19.2.15",
        "@angular/core": "19.2.15"
      }
    },
    "node_modules/@angular/cdk": {
      "version": "19.2.19",
      "resolved": "https://registry.npmjs.org/@angular/cdk/-/cdk-19.2.19.tgz",
      "integrity": "sha512-PCpJagurPBqciqcq4Z8+3OtKLb7rSl4w/qBJoIMua8CgnrjvA1i+SWawhdtfI1zlY8FSwhzLwXV0CmWWfFzQPg==",
      "license": "MIT",
      "dependencies": {
        "parse5": "^7.1.2",
        "tslib": "^2.3.0"
      },
      "peerDependencies": {
        "@angular/common": "^19.0.0 || ^20.0.0",
        "@angular/core": "^19.0.0 || ^20.0.0",
        "rxjs": "^6.5.3 || ^7.4.0"
      }
    },
    "node_modules/@imperiascm/dom-utils": {
      "version": "1.0.2",
      "resolved": "https://registry.npmjs.org/@imperiascm/dom-utils/-/dom-utils-1.0.2.tgz",
      "integrity": "sha512-MPDQI8kTeH+23bIDivO4Bmb1GB2MqwBEW3/SDIuZwdaHsVF2LZ54JFJWYwRVAWQXhtXF2f14+FuuXG89d4cS7Q==",
      "license": "ISC",
      "dependencies": {
        "tslib": "^2.3.0"
      },
      "peerDependencies": {
        "@angular/common": "^18.0.0 || ^19.0.0",
        "@angular/core": "^18.0.0 || ^19.0.0",
        "rxjs": "^7.8.0"
      }
    },
    "node_modules/@imperiascm/http": {
      "version": "0.0.2",
      "resolved": "https://registry.npmjs.org/@imperiascm/http/-/http-0.0.2.tgz",
      "integrity": "sha512-MSO7iJKjnU1/smnlb0wo3p2U5d5zf0p6zyAMqd0JQ1/Aw/yi5+nfRLy2HciBWqD+UzE27/i+Kt7B08VcB6VyfA==",
      "dependencies": {
        "tslib": "^2.3.0"
      },
      "peerDependencies": {
        "@angular/common": "^19.2.0",
        "@angular/core": "^19.2.0"
      }
    },
    "node_modules/@imperiascm/rxjs-utils": {
      "version": "1.0.6",
      "resolved": "https://registry.npmjs.org/@imperiascm/rxjs-utils/-/rxjs-utils-1.0.6.tgz",
      "integrity": "sha512-XT4ZSs+rDjiC7GieqQ0jrtc1vS0CFp4WjXnjmzfLO8mZlIf59KiC4Mk6R4cZg9OPocQ9hNnCk4hCI6aVcaFX3Q==",
      "license": "ISC",
      "dependencies": {
        "tslib": "^2.3.0"
      },
      "peerDependencies": {
        "@angular/common": "^18.0.0 || ^19.0.0",
        "@angular/core": "^18.0.0 || ^19.0.0",
        "rxjs": "^7.8.0"
      }
    },
    "node_modules/@imperiascm/scp-components": {
      "version": "0.0.11",
      "resolved": "https://registry.npmjs.org/@imperiascm/scp-components/-/scp-components-0.0.11.tgz",
      "integrity": "sha512-LcwtGK85N6pdlewDRfKCIsTPFGyclEZocQTyt4DYY23jGIFo0Pi+PLblZ0o/Z1BZlGOpLMlhXd49s70lrZFTUQ==",
      "dependencies": {
        "@imperiascm/rxjs-utils": "^1.0.6",
        "@imperiascm/translate": "^0.0.2",
        "primeflex": "^3.2.1",
        "primeicons": "^6.0.1",
        "primeng": "^15.4.1",
        "tslib": "^2.3.0"
      },
      "peerDependencies": {
        "@angular/cdk": "^19.2.18",
        "@angular/common": "^19.2.0",
        "@angular/core": "^19.2.0"
      }
    },
    "node_modules/@imperiascm/scp-utils": {
      "version": "0.0.14",
      "resolved": "https://registry.npmjs.org/@imperiascm/scp-utils/-/scp-utils-0.0.14.tgz",
      "integrity": "sha512-lgLG7CNEBHlH1f0AEuHYdFQJAEF9gQICUdVrgkM4wBjTcFJ1OlZbWRsoD7Iau7BHjv6mnlPEtyKQSKIfG0rXCA==",
      "dependencies": {
        "@angular/animations": "^19.2.13",
        "@angular/cdk": "^19.2.18",
        "@imperiascm/http": "^0.0.2",
        "@imperiascm/rxjs-utils": "^1.0.6",
        "@imperiascm/scp-components": "^0.0.11",
        "dayjs": "^1.11.8",
        "moment": "^2.29.4",
        "rxjs": "~7.8.0",
        "tslib": "^2.3.0"
      },
      "peerDependencies": {
        "@angular/common": "^19.2.0",
        "@angular/core": "^19.2.0",
        "@imperiascm/translate": "^0.0.6"
      }
    },
    "node_modules/@imperiascm/translate": {
      "version": "0.0.2",
      "resolved": "https://registry.npmjs.org/@imperiascm/translate/-/translate-0.0.2.tgz",
      "integrity": "sha512-+jXWn2T2ccvrEUJtgbk0w9g+IWecSiMi3Zk37G/S1vbkoxk0vSDnyXwtuahfb1pUxLN+P6Z5vdPzigJDuDPCmw==",
      "dependencies": {
        "tslib": "^2.3.0"
      },
      "bin": {
        "translate": "src/bin/translate.js"
      },
      "peerDependencies": {
        "@angular/common": "^19.2.0",
        "@angular/core": "^19.2.0"
      }
    },
    "node_modules/@types/file-saver": {
      "version": "2.0.7",
      "resolved": "https://registry.npmjs.org/@types/file-saver/-/file-saver-2.0.7.tgz",
      "integrity": "sha512-dNKVfHd/jk0SkR/exKGj2ggkB45MAkzvWCaqLUUgkyjITkGNzH8H+yUwr+BLJUBjZOe9w8X3wgmXhZDRg1ED6A==",
      "dev": true,
      "license": "MIT"
    },
    "node_modules/@types/node": {
      "version": "24.9.1",
      "resolved": "https://registry.npmjs.org/@types/node/-/node-24.9.1.tgz",
      "integrity": "sha512-QoiaXANRkSXK6p0Duvt56W208du4P9Uye9hWLWgGMDTEoKPhuenzNcC4vGUmrNkiOKTlIrBoyNQYNpSwfEZXSg==",
      "dev": true,
      "license": "MIT",
      "dependencies": {
        "undici-types": "~7.16.0"
      }
    },
    "node_modules/dayjs": {
      "version": "1.11.18",
      "resolved": "https://registry.npmjs.org/dayjs/-/dayjs-1.11.18.tgz",
      "integrity": "sha512-zFBQ7WFRvVRhKcWoUh+ZA1g2HVgUbsZm9sbddh8EC5iv93sui8DVVz1Npvz+r6meo9VKfa8NyLWBsQK1VvIKPA==",
      "license": "MIT"
    },
    "node_modules/entities": {
      "version": "6.0.1",
      "resolved": "https://registry.npmjs.org/entities/-/entities-6.0.1.tgz",
      "integrity": "sha512-aN97NXWF6AWBTahfVOIrB/NShkzi5H7F9r1s9mD3cDj4Ko5f2qhhVoYMibXF7GlLveb/D2ioWay8lxI97Ven3g==",
      "license": "BSD-2-Clause",
      "engines": {
        "node": ">=0.12"
      },
      "funding": {
        "url": "https://github.com/fb55/entities?sponsor=1"
      }
    },
    "node_modules/file-saver": {
      "version": "2.0.5",
      "resolved": "https://registry.npmjs.org/file-saver/-/file-saver-2.0.5.tgz",
      "integrity": "sha512-P9bmyZ3h/PRG+Nzga+rbdI4OEpNDzAVyy74uVO9ATgzLK6VtAsYybF/+TOCvrc0MO793d6+42lLyZTw7/ArVzA==",
      "license": "MIT"
    },
    "node_modules/moment": {
      "version": "2.30.1",
      "resolved": "https://registry.npmjs.org/moment/-/moment-2.30.1.tgz",
      "integrity": "sha512-uEmtNhbDOrWPFS+hdjFCBfy9f2YoyzRpwcl+DqpC6taX21FzsTLQVbMV/W7PzNSX6x/bhC1zA3c2UQ5NzH6how==",
      "license": "MIT",
      "engines": {
        "node": "*"
      }
    },
    "node_modules/parse5": {
      "version": "7.3.0",
      "resolved": "https://registry.npmjs.org/parse5/-/parse5-7.3.0.tgz",
      "integrity": "sha512-IInvU7fabl34qmi9gY8XOVxhYyMyuH2xUNpb2q8/Y+7552KlejkRvqvD19nMoUW/uQGGbqNpA6Tufu5FL5BZgw==",
      "license": "MIT",
      "dependencies": {
        "entities": "^6.0.0"
      },
      "funding": {
        "url": "https://github.com/inikulin/parse5?sponsor=1"
      }
    },
    "node_modules/primeflex": {
      "version": "3.3.1",
      "resolved": "https://registry.npmjs.org/primeflex/-/primeflex-3.3.1.tgz",
      "integrity": "sha512-zaOq3YvcOYytbAmKv3zYc+0VNS9Wg5d37dfxZnveKBFPr7vEIwfV5ydrpiouTft8MVW6qNjfkaQphHSnvgQbpQ==",
      "license": "MIT"
    },
    "node_modules/primeicons": {
      "version": "6.0.1",
      "resolved": "https://registry.npmjs.org/primeicons/-/primeicons-6.0.1.tgz",
      "integrity": "sha512-KDeO94CbWI4pKsPnYpA1FPjo79EsY9I+M8ywoPBSf9XMXoe/0crjbUK7jcQEDHuc0ZMRIZsxH3TYLv4TUtHmAA==",
      "license": "MIT"
    },
    "node_modules/primeng": {
      "version": "15.4.1",
      "resolved": "https://registry.npmjs.org/primeng/-/primeng-15.4.1.tgz",
      "integrity": "sha512-j2unOQZk6756l6SgkzcmlHF6JlawF0bIjKTgAPWwT+S5RYeWEjpCPg/ABV8TylwW7CTNQX2oCHbyqCAuhtr++w==",
      "license": "MIT",
      "dependencies": {
        "tslib": "^2.3.0"
      },
      "peerDependencies": {
        "@angular/common": "^15.2.1",
        "@angular/core": "^15.2.1",
        "@angular/forms": "^15.2.1",
        "rxjs": "^6.0.0 || ^7.5.0",
        "zone.js": "^0.10.2 || ^0.11.0 || ^0.12.0 || ^0.13.0"
      }
    },
    "node_modules/rxjs": {
      "version": "7.8.2",
      "resolved": "https://registry.npmjs.org/rxjs/-/rxjs-7.8.2.tgz",
      "integrity": "sha512-dhKf903U/PQZY6boNNtAGdWbG85WAbjT/1xYoZIC7FAY0yWapOBQVsVrDl58W86//e1VpMNBtRV4MaXfdMySFA==",
      "license": "Apache-2.0",
      "dependencies": {
        "tslib": "^2.1.0"
      }
    },
    "node_modules/tslib": {
      "version": "2.8.1",
      "resolved": "https://registry.npmjs.org/tslib/-/tslib-2.8.1.tgz",
      "integrity": "sha512-oJFu94HQb+KVduSUQL7wnpmqnfmLsOA/nAh6b6EH0wCEoK0/mPeXU6c3wKDV83MkOuHPRHtSXKKU99IBazS/2w==",
      "license": "0BSD"
    },
    "node_modules/undici-types": {
      "version": "7.16.0",
      "resolved": "https://registry.npmjs.org/undici-types/-/undici-types-7.16.0.tgz",
      "integrity": "sha512-Zz+aZWSj8LE6zoxD+xrjh4VfkIG8Ya6LvYkZqtUQGJPZjYl53ypCaUwWqo7eI0x66KBGeRo+mlBEkMSeSZ38Nw==",
      "dev": true,
      "license": "MIT"
    }
  }
}
